Microsoft Visual Studio Solution File, Format Version 11.00
# Visual Studio 2008

Project("{2AC9D10C-C4AA-D9BF-79B0-69F98CE20F97}") = "Ratata AI with start", "Assembly-CSharp.csproj", "{1CF57F31-E349-9415-65E8-2B037C334044}"
EndProject
Project("{2AC9D10C-C4AA-D9BF-79B0-69F98CE20F97}") = "Ratata AI with start", "Assembly-CSharp-Editor.csproj", "{CBCDAB34-0A54-F687-3172-CF9DC2CCCF4C}"
EndProject
Project("{2AC9D10C-C4AA-D9BF-79B0-69F98CE20F97}") = "Ratata AI with start", "Assembly-UnityScript.unityproj", "{2D4F1F7A-6596-41B6-576F-1573F74C9DFC}"
EndProject
Project("{2AC9D10C-C4AA-D9BF-79B0-69F98CE20F97}") = "Ratata AI with start", "Assembly-UnityScript-Editor.unityproj", "{358CAF70-C981-6474-E5F5-F7D742D85886}"
EndProject
Global
	GlobalSection(SolutionConfigurationPlatforms) = preSolution
		Debug|Any CPU = Debug|Any CPU
		Release|Any CPU = Release|Any CPU
	EndGlobalSection
	GlobalSection(ProjectConfigurationPlatforms) = postSolution
		{1CF57F31-E349-9415-65E8-2B037C334044}.Debug|Any CPU.ActiveCfg = Debug|Any CPU
		{1CF57F31-E349-9415-65E8-2B037C334044}.Debug|Any CPU.Build.0 = Debug|Any CPU
		{1CF57F31-E349-9415-65E8-2B037C334044}.Release|Any CPU.ActiveCfg = Release|Any CPU
		{1CF57F31-E349-9415-65E8-2B037C334044}.Release|Any CPU.Build.0 = Release|Any CPU
		{CBCDAB34-0A54-F687-3172-CF9DC2CCCF4C}.Debug|Any CPU.ActiveCfg = Debug|Any CPU
		{CBCDAB34-0A54-F687-3172-CF9DC2CCCF4C}.Debug|Any CPU.Build.0 = Debug|Any CPU
		{CBCDAB34-0A54-F687-3172-CF9DC2CCCF4C}.Release|Any CPU.ActiveCfg = Release|Any CPU
		{CBCDAB34-0A54-F687-3172-CF9DC2CCCF4C}.Release|Any CPU.Build.0 = Release|Any CPU
		{2D4F1F7A-6596-41B6-576F-1573F74C9DFC}.Debug|Any CPU.ActiveCfg = Debug|Any CPU
		{2D4F1F7A-6596-41B6-576F-1573F74C9DFC}.Debug|Any CPU.Build.0 = Debug|Any CPU
		{2D4F1F7A-6596-41B6-576F-1573F74C9DFC}.Release|Any CPU.ActiveCfg = Release|Any CPU
		{2D4F1F7A-6596-41B6-576F-1573F74C9DFC}.Release|Any CPU.Build.0 = Release|Any CPU
		{358CAF70-C981-6474-E5F5-F7D742D85886}.Debug|Any CPU.ActiveCfg = Debug|Any CPU
		{358CAF70-C981-6474-E5F5-F7D742D85886}.Debug|Any CPU.Build.0 = Debug|Any CPU
		{358CAF70-C981-6474-E5F5-F7D742D85886}.Release|Any CPU.ActiveCfg = Release|Any CPU
		{358CAF70-C981-6474-E5F5-F7D742D85886}.Release|Any CPU.Build.0 = Release|Any CPU
	EndGlobalSection
	GlobalSection(SolutionProperties) = preSolution
		HideSolutionNode = FALSE
	EndGlobalSection
																					GlobalSection(MonoDevelopProperties) = preSolution
		StartupItem = Assembly-CSharp.csproj
		Policies = $0
		$0.TextStylePolicy = $1
		$1.inheritsSet = null
		$1.scope = text/x-csharp
		$0.CSharpFormattingPolicy = $2
		$2.inheritsSet = Mono
		$2.inheritsScope = text/x-csharp
		$2.scope = text/x-csharp
		$0.TextStylePolicy = $3
		$3.FileWidth = 120
		$3.TabWidth = 4
		$3.IndentWidth = 4
		$3.EolMarker = Unix
		$3.inheritsSet = Mono
		$3.inheritsScope = text/plain
		$3.scope = text/plain
	EndGlobalSection

EndGlobal
